
Microsoft Visual Studio Solution File, Format Version 12.00
# Visual Studio Version 16
VisualStudioVersion = 16.0.29215.179
MinimumVisualStudioVersion = 10.0.40219.1
Project("{FAE04EC0-301F-11D3-BF4B-00C04F79EFBC}") = "WikipediaTestProject", "WikipediaTestProject\WikipediaTestProject.csproj", "{09DACAA4-0F8F-4000-B413-2DAFE01AEAA3}"
EndProject
Global
	GlobalSection(SolutionConfigurationPlatforms) = preSolution
		Debug|Any CPU = Debug|Any CPU
		Release|Any CPU = Release|Any CPU
	EndGlobalSection
	GlobalSection(ProjectConfigurationPlatforms) = postSolution
		{09DACAA4-0F8F-4000-B413-2DAFE01AEAA3}.Debug|Any CPU.ActiveCfg = Debug|Any CPU
		{09DACAA4-0F8F-4000-B413-2DAFE01AEAA3}.Debug|Any CPU.Build.0 = Debug|Any CPU
		{09DACAA4-0F8F-4000-B413-2DAFE01AEAA3}.Release|Any CPU.ActiveCfg = Release|Any CPU
		{09DACAA4-0F8F-4000-B413-2DAFE01AEAA3}.Release|Any CPU.Build.0 = Release|Any CPU
	EndGlobalSection
	GlobalSection(SolutionProperties) = preSolution
		HideSolutionNode = FALSE
	EndGlobalSection
	GlobalSection(ExtensibilityGlobals) = postSolution
		SolutionGuid = {560A43D5-2562-4187-A9BA-F82420A83F0E}
	EndGlobalSection
EndGlobal
